
Microsoft Visual Studio Solution File, Format Version 12.00
# Visual Studio Version 16
VisualStudioVersion = 16.0.34301.259
MinimumVisualStudioVersion = 10.0.40219.1
Project("{FAE04EC0-301F-11D3-BF4B-00C04F79EFBC}") = "PaperApp", "PaperApp\PaperApp.csproj", "{C6DB7217-2A48-42B0-BB78-5948576084FC}"
EndProject
Global
	GlobalSection(SolutionConfigurationPlatforms) = preSolution
		Debug|Any CPU = Debug|Any CPU
		Release|Any CPU = Release|Any CPU
	EndGlobalSection
	GlobalSection(ProjectConfigurationPlatforms) = postSolution
		{C6DB7217-2A48-42B0-BB78-5948576084FC}.Debug|Any CPU.ActiveCfg = Debug|Any CPU
		{C6DB7217-2A48-42B0-BB78-5948576084FC}.Debug|Any CPU.Build.0 = Debug|Any CPU
		{C6DB7217-2A48-42B0-BB78-5948576084FC}.Release|Any CPU.ActiveCfg = Release|Any CPU
		{C6DB7217-2A48-42B0-BB78-5948576084FC}.Release|Any CPU.Build.0 = Release|Any CPU
	EndGlobalSection
	GlobalSection(SolutionProperties) = preSolution
		HideSolutionNode = FALSE
	EndGlobalSection
	GlobalSection(ExtensibilityGlobals) = postSolution
		SolutionGuid = {BD4D5569-478F-4F80-9E63-79DE80E596DE}
	EndGlobalSection
EndGlobal
